
Microsoft Visual Studio Solution File, Format Version 12.00
# Visual Studio Version 16
VisualStudioVersion = 16.0.29709.97
MinimumVisualStudioVersion = 10.0.40219.1
Project("{FAE04EC0-301F-11D3-BF4B-00C04F79EFBC}") = "POOI_Module08_Heritage", "POOI_Module08_Heritage\POOI_Module08_Heritage.csproj", "{6A4775DC-B794-4E4E-BA58-BBB1EA85D9CB}"
EndProject
Global
	GlobalSection(SolutionConfigurationPlatforms) = preSolution
		Debug|Any CPU = Debug|Any CPU
		Release|Any CPU = Release|Any CPU
	EndGlobalSection
	GlobalSection(ProjectConfigurationPlatforms) = postSolution
		{6A4775DC-B794-4E4E-BA58-BBB1EA85D9CB}.Debug|Any CPU.ActiveCfg = Debug|Any CPU
		{6A4775DC-B794-4E4E-BA58-BBB1EA85D9CB}.Debug|Any CPU.Build.0 = Debug|Any CPU
		{6A4775DC-B794-4E4E-BA58-BBB1EA85D9CB}.Release|Any CPU.ActiveCfg = Release|Any CPU
		{6A4775DC-B794-4E4E-BA58-BBB1EA85D9CB}.Release|Any CPU.Build.0 = Release|Any CPU
	EndGlobalSection
	GlobalSection(SolutionProperties) = preSolution
		HideSolutionNode = FALSE
	EndGlobalSection
	GlobalSection(ExtensibilityGlobals) = postSolution
		SolutionGuid = {A7A7D538-092C-4A53-8978-5068F9D619B2}
	EndGlobalSection
EndGlobal
