
Microsoft Visual Studio Solution File, Format Version 12.00
# Visual Studio Version 16
VisualStudioVersion = 16.0.29709.97
MinimumVisualStudioVersion = 10.0.40219.1
Project("{FAE04EC0-301F-11D3-BF4B-00C04F79EFBC}") = "POOI_Module09_PreparationCours", "POOI_Module09_PreparationCours\POOI_Module09_PreparationCours.csproj", "{96049889-280C-495D-9A5E-30ABEF70DDAB}"
EndProject
Global
	GlobalSection(SolutionConfigurationPlatforms) = preSolution
		Debug|Any CPU = Debug|Any CPU
		Release|Any CPU = Release|Any CPU
	EndGlobalSection
	GlobalSection(ProjectConfigurationPlatforms) = postSolution
		{96049889-280C-495D-9A5E-30ABEF70DDAB}.Debug|Any CPU.ActiveCfg = Debug|Any CPU
		{96049889-280C-495D-9A5E-30ABEF70DDAB}.Debug|Any CPU.Build.0 = Debug|Any CPU
		{96049889-280C-495D-9A5E-30ABEF70DDAB}.Release|Any CPU.ActiveCfg = Release|Any CPU
		{96049889-280C-495D-9A5E-30ABEF70DDAB}.Release|Any CPU.Build.0 = Release|Any CPU
	EndGlobalSection
	GlobalSection(SolutionProperties) = preSolution
		HideSolutionNode = FALSE
	EndGlobalSection
	GlobalSection(ExtensibilityGlobals) = postSolution
		SolutionGuid = {64C134C7-5FC3-4185-BEFB-C0A1B1CF0154}
	EndGlobalSection
EndGlobal
