
Microsoft Visual Studio Solution File, Format Version 12.00
# Visual Studio Version 16
VisualStudioVersion = 16.0.29709.97
MinimumVisualStudioVersion = 10.0.40219.1
Project("{FAE04EC0-301F-11D3-BF4B-00C04F79EFBC}") = "POOI_Module11_JeuTir", "POOI_Module11_JeuTir\POOI_Module11_JeuTir.csproj", "{A429133D-6695-4160-8738-29EEA6952E3D}"
EndProject
Global
	GlobalSection(SolutionConfigurationPlatforms) = preSolution
		Debug|Any CPU = Debug|Any CPU
		Release|Any CPU = Release|Any CPU
	EndGlobalSection
	GlobalSection(ProjectConfigurationPlatforms) = postSolution
		{A429133D-6695-4160-8738-29EEA6952E3D}.Debug|Any CPU.ActiveCfg = Debug|Any CPU
		{A429133D-6695-4160-8738-29EEA6952E3D}.Debug|Any CPU.Build.0 = Debug|Any CPU
		{A429133D-6695-4160-8738-29EEA6952E3D}.Release|Any CPU.ActiveCfg = Release|Any CPU
		{A429133D-6695-4160-8738-29EEA6952E3D}.Release|Any CPU.Build.0 = Release|Any CPU
	EndGlobalSection
	GlobalSection(SolutionProperties) = preSolution
		HideSolutionNode = FALSE
	EndGlobalSection
	GlobalSection(ExtensibilityGlobals) = postSolution
		SolutionGuid = {2167412F-F137-417E-9C99-E260DF2FA673}
	EndGlobalSection
EndGlobal
