
Microsoft Visual Studio Solution File, Format Version 12.00
# Visual Studio Version 16
VisualStudioVersion = 16.0.29709.97
MinimumVisualStudioVersion = 10.0.40219.1
Project("{FAE04EC0-301F-11D3-BF4B-00C04F79EFBC}") = "POOI_Heritage_CompteBancaireSansAbstraction", "POOI_Heritage_CompteBancaireSansAbstraction\POOI_Heritage_CompteBancaireSansAbstraction.csproj", "{31EBB1C6-F43D-484E-992A-AC435C2BB54B}"
EndProject
Global
	GlobalSection(SolutionConfigurationPlatforms) = preSolution
		Debug|Any CPU = Debug|Any CPU
		Release|Any CPU = Release|Any CPU
	EndGlobalSection
	GlobalSection(ProjectConfigurationPlatforms) = postSolution
		{31EBB1C6-F43D-484E-992A-AC435C2BB54B}.Debug|Any CPU.ActiveCfg = Debug|Any CPU
		{31EBB1C6-F43D-484E-992A-AC435C2BB54B}.Debug|Any CPU.Build.0 = Debug|Any CPU
		{31EBB1C6-F43D-484E-992A-AC435C2BB54B}.Release|Any CPU.ActiveCfg = Release|Any CPU
		{31EBB1C6-F43D-484E-992A-AC435C2BB54B}.Release|Any CPU.Build.0 = Release|Any CPU
	EndGlobalSection
	GlobalSection(SolutionProperties) = preSolution
		HideSolutionNode = FALSE
	EndGlobalSection
	GlobalSection(ExtensibilityGlobals) = postSolution
		SolutionGuid = {6F0E4F50-6950-4216-864E-C6B3EEDA615D}
	EndGlobalSection
EndGlobal
